
Microsoft Visual Studio Solution File, Format Version 12.00
# Visual Studio 2012
Project("{FAE04EC0-301F-11D3-BF4B-00C04F79EFBC}") = "SitefinityNET", "SitefinityNET\SitefinityNET.csproj", "{35629F87-FB14-4ECF-9C3F-D9F52AA69961}"
EndProject
Project("{FAE04EC0-301F-11D3-BF4B-00C04F79EFBC}") = "SitefinityNET.Tests", "SitefinityNET.Tests\SitefinityNET.Tests.csproj", "{7B8F16DD-26FD-42B2-886C-EBA2BB2967DE}"
EndProject
Global
	GlobalSection(SolutionConfigurationPlatforms) = preSolution
		Debug|Any CPU = Debug|Any CPU
		Release|Any CPU = Release|Any CPU
	EndGlobalSection
	GlobalSection(ProjectConfigurationPlatforms) = postSolution
		{35629F87-FB14-4ECF-9C3F-D9F52AA69961}.Debug|Any CPU.ActiveCfg = Debug|Any CPU
		{35629F87-FB14-4ECF-9C3F-D9F52AA69961}.Debug|Any CPU.Build.0 = Debug|Any CPU
		{35629F87-FB14-4ECF-9C3F-D9F52AA69961}.Release|Any CPU.ActiveCfg = Release|Any CPU
		{35629F87-FB14-4ECF-9C3F-D9F52AA69961}.Release|Any CPU.Build.0 = Release|Any CPU
		{7B8F16DD-26FD-42B2-886C-EBA2BB2967DE}.Debug|Any CPU.ActiveCfg = Debug|Any CPU
		{7B8F16DD-26FD-42B2-886C-EBA2BB2967DE}.Debug|Any CPU.Build.0 = Debug|Any CPU
		{7B8F16DD-26FD-42B2-886C-EBA2BB2967DE}.Release|Any CPU.ActiveCfg = Release|Any CPU
		{7B8F16DD-26FD-42B2-886C-EBA2BB2967DE}.Release|Any CPU.Build.0 = Release|Any CPU
	EndGlobalSection
	GlobalSection(SolutionProperties) = preSolution
		HideSolutionNode = FALSE
	EndGlobalSection
EndGlobal
